// !$*UTF8*$!
{
	archiveVersion = 1;
	classes = {
	};
	objectVersion = 46;
	objects = {

/* Begin PBXBuildFile section */
		A2F7E9671AEED18E00FFC0C8 /* main.m in Sources */ = {isa = PBXBuildFile; fileRef = A2F7E9661AEED18E00FFC0C8 /* main.m */; };
		A2F7E96A1AEED18E00FFC0C8 /* AppDelegate.m in Sources */ = {isa = PBXBuildFile; fileRef = A2F7E9691AEED18E00FFC0C8 /* AppDelegate.m */; };
		A2F7E96D1AEED18E00FFC0C8 /* ViewController.m in Sources */ = {isa = PBXBuildFile; fileRef = A2F7E96C1AEED18E00FFC0C8 /* ViewController.m */; };
		A2F7E9701AEED18E00FFC0C8 /* Main.storyboard in Resources */ = {isa = PBXBuildFile; fileRef = A2F7E96E1AEED18E00FFC0C8 /* Main.storyboard */; };
		A2F7E9721AEED18E00FFC0C8 /* Images.xcassets in Resources */ = {isa = PBXBuildFile; fileRef = A2F7E9711AEED18E00FFC0C8 /* Images.xcassets */; };
		A2F7E9751AEED18E00FFC0C8 /* LaunchScreen.xib in Resources */ = {isa = PBXBuildFile; fileRef = A2F7E9731AEED18E00FFC0C8 /* LaunchScreen.xib */; };
		A2F7E9811AEED18E00FFC0C8 /* ObjcDemoTests.m in Sources */ = {isa = PBXBuildFile; fileRef = A2F7E9801AEED18E00FFC0C8 /* ObjcDemoTests.m */; };
		A2F7E98C1AEEDE9700FFC0C8 /* Person.m in Sources */ = {isa = PBXBuildFile; fileRef = A2F7E98B1AEEDE9700FFC0C8 /* Person.m */; };
/* End PBXBuildFile section */

/* Begin PBXContainerItemProxy section */
		A2F7E97B1AEED18E00FFC0C8 /* PBXContainerItemProxy */ = {
			isa = PBXContainerItemProxy;
			containerPortal = A2F7E9591AEED18E00FFC0C8 /* Project object */;
			proxyType = 1;
			remoteGlobalIDString = A2F7E9601AEED18E00FFC0C8;
			remoteInfo = ObjcDemo;
		};
/* End PBXContainerItemProxy section */

/* Begin PBXFileReference section */
		A2F7E9611AEED18E00FFC0C8 /* ObjcDemo.app */ = {isa = PBXFileReference; explicitFileType = wrapper.application; includeInIndex = 0; path = ObjcDemo.app; sourceTree = BUILT_PRODUCTS_DIR; };
		A2F7E9651AEED18E00FFC0C8 /* Info.plist */ = {isa = PBXFileReference; lastKnownFileType = text.plist.xml; path = Info.plist; sourceTree = "<group>"; };
		A2F7E9661AEED18E00FFC0C8 /* main.m */ = {isa = PBXFileReference; lastKnownFileType = sourcecode.c.objc; path = main.m; sourceTree = "<group>"; };
		A2F7E9681AEED18E00FFC0C8 /* AppDelegate.h */ = {isa = PBXFileReference; lastKnownFileType = sourcecode.c.h; path = AppDelegate.h; sourceTree = "<group>"; };
		A2F7E9691AEED18E00FFC0C8 /* AppDelegate.m */ = {isa = PBXFileReference; lastKnownFileType = sourcecode.c.objc; path = AppDelegate.m; sourceTree = "<group>"; };
		A2F7E96B1AEED18E00FFC0C8 /* ViewController.h */ = {isa = PBXFileReference; lastKnownFileType = sourcecode.c.h; path = ViewController.h; sourceTree = "<group>"; };
		A2F7E96C1AEED18E00FFC0C8 /* ViewController.m */ = {isa = PBXFileReference; lastKnownFileType = sourcecode.c.objc; path = ViewController.m; sourceTree = "<group>"; };
		A2F7E96F1AEED18E00FFC0C8 /* Base */ = {isa = PBXFileReference; lastKnownFileType = file.storyboard; name = Base; path = Base.lproj/Main.storyboard; sourceTree = "<group>"; };
		A2F7E9711AEED18E00FFC0C8 /* Images.xcassets */ = {isa = PBXFileReference; lastKnownFileType = folder.assetcatalog; path = Images.xcassets; sourceTree = "<group>"; };
		A2F7E9741AEED18E00FFC0C8 /* Base */ = {isa = PBXFileReference; lastKnownFileType = file.xib; name = Base; path = Base.lproj/LaunchScreen.xib; sourceTree = "<group>"; };
		A2F7E97A1AEED18E00FFC0C8 /* ObjcDemoTests.xctest */ = {isa = PBXFileReference; explicitFileType = wrapper.cfbundle; includeInIndex = 0; path = ObjcDemoTests.xctest; sourceTree = BUILT_PRODUCTS_DIR; };
		A2F7E97F1AEED18E00FFC0C8 /* Info.plist */ = {isa = PBXFileReference; lastKnownFileType = text.plist.xml; path = Info.plist; sourceTree = "<group>"; };
		A2F7E9801AEED18E00FFC0C8 /* ObjcDemoTests.m */ = {isa = PBXFileReference; lastKnownFileType = sourcecode.c.objc; path = ObjcDemoTests.m; sourceTree = "<group>"; };
		A2F7E98A1AEEDE9700FFC0C8 /* Person.h */ = {isa = PBXFileReference; fileEncoding = 4; lastKnownFileType = sourcecode.c.h; path = Person.h; sourceTree = "<group>"; };
		A2F7E98B1AEEDE9700FFC0C8 /* Person.m */ = {isa = PBXFileReference; fileEncoding = 4; lastKnownFileType = sourcecode.c.objc; path = Person.m; sourceTree = "<group>"; };
/* End PBXFileReference section */

/* Begin PBXFrameworksBuildPhase section */
		A2F7E95E1AEED18E00FFC0C8 /* Frameworks */ = {
			isa = PBXFrameworksBuildPhase;
			buildActionMask = 2147483647;
			files = (
			);
			runOnlyForDeploymentPostprocessing = 0;
		};
		A2F7E9771AEED18E00FFC0C8 /* Frameworks */ = {
			isa = PBXFrameworksBuildPhase;
			buildActionMask = 2147483647;
			files = (
			);
			runOnlyForDeploymentPostprocessing = 0;
		};
/* End PBXFrameworksBuildPhase section */

/* Begin PBXGroup section */
		A2F7E9581AEED18E00FFC0C8 = {
			isa = PBXGroup;
			children = (
				A2F7E9631AEED18E00FFC0C8 /* ObjcDemo */,
				A2F7E97D1AEED18E00FFC0C8 /* ObjcDemoTests */,
				A2F7E9621AEED18E00FFC0C8 /* Products */,
			);
			sourceTree = "<group>";
		};
		A2F7E9621AEED18E00FFC0C8 /* Products */ = {
			isa = PBXGroup;
			children = (
				A2F7E9611AEED18E00FFC0C8 /* ObjcDemo.app */,
				A2F7E97A1AEED18E00FFC0C8 /* ObjcDemoTests.xctest */,
			);
			name = Products;
			sourceTree = "<group>";
		};
		A2F7E9631AEED18E00FFC0C8 /* ObjcDemo */ = {
			isa = PBXGroup;
			children = (
				A2F7E9681AEED18E00FFC0C8 /* AppDelegate.h */,
				A2F7E9691AEED18E00FFC0C8 /* AppDelegate.m */,
				A2F7E96B1AEED18E00FFC0C8 /* ViewController.h */,
				A2F7E96C1AEED18E00FFC0C8 /* ViewController.m */,
				A2F7E98A1AEEDE9700FFC0C8 /* Person.h */,
				A2F7E98B1AEEDE9700FFC0C8 /* Person.m */,
				A2F7E96E1AEED18E00FFC0C8 /* Main.storyboard */,
				A2F7E9711AEED18E00FFC0C8 /* Images.xcassets */,
				A2F7E9731AEED18E00FFC0C8 /* LaunchScreen.xib */,
				A2F7E9641AEED18E00FFC0C8 /* Supporting Files */,
			);
			path = ObjcDemo;
			sourceTree = "<group>";
		};
		A2F7E9641AEED18E00FFC0C8 /* Supporting Files */ = {
			isa = PBXGroup;
			children = (
				A2F7E9651AEED18E00FFC0C8 /* Info.plist */,
				A2F7E9661AEED18E00FFC0C8 /* main.m */,
			);
			name = "Supporting Files";
			sourceTree = "<group>";
		};
		A2F7E97D1AEED18E00FFC0C8 /* ObjcDemoTests */ = {
			isa = PBXGroup;
			children = (
				A2F7E9801AEED18E00FFC0C8 /* ObjcDemoTests.m */,
				A2F7E97E1AEED18E00FFC0C8 /* Supporting Files */,
			);
			path = ObjcDemoTests;
			sourceTree = "<group>";
		};
		A2F7E97E1AEED18E00FFC0C8 /* Supporting Files */ = {
			isa = PBXGroup;
			children = (
				A2F7E97F1AEED18E00FFC0C8 /* Info.plist */,
			);
			name = "Supporting Files";
			sourceTree = "<group>";
		};
/* End PBXGroup section */

/* Begin PBXNativeTarget section */
		A2F7E9601AEED18E00FFC0C8 /* ObjcDemo */ = {
			isa = PBXNativeTarget;
			buildConfigurationList = A2F7E9841AEED18E00FFC0C8 /* Build configuration list for PBXNativeTarget "ObjcDemo" */;
			buildPhases = (
				A2F7E95D1AEED18E00FFC0C8 /* Sources */,
				A2F7E95E1AEED18E00FFC0C8 /* Frameworks */,
				A2F7E95F1AEED18E00FFC0C8 /* Resources */,
			);
			buildRules = (
			);
			dependencies = (
			);
			name = ObjcDemo;
			productName = ObjcDemo;
			productReference = A2F7E9611AEED18E00FFC0C8 /* ObjcDemo.app */;
			productType = "com.apple.product-type.application";
		};
		A2F7E9791AEED18E00FFC0C8 /* ObjcDemoTests */ = {
			isa = PBXNativeTarget;
			buildConfigurationList = A2F7E9871AEED18E00FFC0C8 /* Build configuration list for PBXNativeTarget "ObjcDemoTests" */;
			buildPhases = (
				A2F7E9761AEED18E00FFC0C8 /* Sources */,
				A2F7E9771AEED18E00FFC0C8 /* Frameworks */,
				A2F7E9781AEED18E00FFC0C8 /* Resources */,
			);
			buildRules = (
			);
			dependencies = (
				A2F7E97C1AEED18E00FFC0C8 /* PBXTargetDependency */,
			);
			name = ObjcDemoTests;
			productName = ObjcDemoTests;
			productReference = A2F7E97A1AEED18E00FFC0C8 /* ObjcDemoTests.xctest */;
			productType = "com.apple.product-type.bundle.unit-test";
		};
/* End PBXNativeTarget section */

/* Begin PBXProject section */
		A2F7E9591AEED18E00FFC0C8 /* Project object */ = {
			isa = PBXProject;
			attributes = {
				LastUpgradeCheck = 0630;
				ORGANIZATIONNAME = BradJohnson;
				TargetAttributes = {
					A2F7E9601AEED18E00FFC0C8 = {
						CreatedOnToolsVersion = 6.3;
					};
					A2F7E9791AEED18E00FFC0C8 = {
						CreatedOnToolsVersion = 6.3;
						TestTargetID = A2F7E9601AEED18E00FFC0C8;
					};
				};
			};
			buildConfigurationList = A2F7E95C1AEED18E00FFC0C8 /* Build configuration list for PBXProject "ObjcDemo" */;
			compatibilityVersion = "Xcode 3.2";
			developmentRegion = English;
			hasScannedForEncodings = 0;
			knownRegions = (
				en,
				Base,
			);
			mainGroup = A2F7E9581AEED18E00FFC0C8;
			productRefGroup = A2F7E9621AEED18E00FFC0C8 /* Products */;
			projectDirPath = "";
			projectRoot = "";
			targets = (
				A2F7E9601AEED18E00FFC0C8 /* ObjcDemo */,
				A2F7E9791AEED18E00FFC0C8 /* ObjcDemoTests */,
			);
		};
/* End PBXProject section */

/* Begin PBXResourcesBuildPhase section */
		A2F7E95F1AEED18E00FFC0C8 /* Resources */ = {
			isa = PBXResourcesBuildPhase;
			buildActionMask = 2147483647;
			files = (
				A2F7E9701AEED18E00FFC0C8 /* Main.storyboard in Resources */,
				A2F7E9751AEED18E00FFC0C8 /* LaunchScreen.xib in Resources */,
				A2F7E9721AEED18E00FFC0C8 /* Images.xcassets in Resources */,
			);
			runOnlyForDeploymentPostprocessing = 0;
		};
		A2F7E9781AEED18E00FFC0C8 /* Resources */ = {
			isa = PBXResourcesBuildPhase;
			buildActionMask = 2147483647;
			files = (
			);
			runOnlyForDeploymentPostprocessing = 0;
		};
/* End PBXResourcesBuildPhase section */

/* Begin PBXSourcesBuildPhase section */
		A2F7E95D1AEED18E00FFC0C8 /* Sources */ = {
			isa = PBXSourcesBuildPhase;
			buildActionMask = 2147483647;
			files = (
				A2F7E96D1AEED18E00FFC0C8 /* ViewController.m in Sources */,
				A2F7E96A1AEED18E00FFC0C8 /* AppDelegate.m in Sources */,
				A2F7E98C1AEEDE9700FFC0C8 /* Person.m in Sources */,
				A2F7E9671AEED18E00FFC0C8 /* main.m in Sources */,
			);
			runOnlyForDeploymentPostprocessing = 0;
		};
		A2F7E9761AEED18E00FFC0C8 /* Sources */ = {
			isa = PBXSourcesBuildPhase;
			buildActionMask = 2147483647;
			files = (
				A2F7E9811AEED18E00FFC0C8 /* ObjcDemoTests.m in Sources */,
			);
			runOnlyForDeploymentPostprocessing = 0;
		};
/* End PBXSourcesBuildPhase section */

/* Begin PBXTargetDependency section */
		A2F7E97C1AEED18E00FFC0C8 /* PBXTargetDependency */ = {
			isa = PBXTargetDependency;
			target = A2F7E9601AEED18E00FFC0C8 /* ObjcDemo */;
			targetProxy = A2F7E97B1AEED18E00FFC0C8 /* PBXContainerItemProxy */;
		};
/* End PBXTargetDependency section */

/* Begin PBXVariantGroup section */
		A2F7E96E1AEED18E00FFC0C8 /* Main.storyboard */ = {
			isa = PBXVariantGroup;
			children = (
				A2F7E96F1AEED18E00FFC0C8 /* Base */,
			);
			name = Main.storyboard;
			sourceTree = "<group>";
		};
		A2F7E9731AEED18E00FFC0C8 /* LaunchScreen.xib */ = {
			isa = PBXVariantGroup;
			children = (
				A2F7E9741AEED18E00FFC0C8 /* Base */,
			);
			name = LaunchScreen.xib;
			sourceTree = "<group>";
		};
/* End PBXVariantGroup section */

/* Begin XCBuildConfiguration section */
		A2F7E9821AEED18E00FFC0C8 /* Debug */ = {
			isa = XCBuildConfiguration;
			buildSettings = {
				ALWAYS_SEARCH_USER_PATHS = NO;
				CLANG_CXX_LANGUAGE_STANDARD = "gnu++0x";
				CLANG_CXX_LIBRARY = "libc++";
				CLANG_ENABLE_MODULES = YES;
				CLANG_ENABLE_OBJC_ARC = YES;
				CLANG_WARN_BOOL_CONVERSION = YES;
				CLANG_WARN_CONSTANT_CONVERSION = YES;
				CLANG_WARN_DIRECT_OBJC_ISA_USAGE = YES_ERROR;
				CLANG_WARN_EMPTY_BODY = YES;
				CLANG_WARN_ENUM_CONVERSION = YES;
				CLANG_WARN_INT_CONVERSION = YES;
				CLANG_WARN_OBJC_ROOT_CLASS = YES_ERROR;
				CLANG_WARN_UNREACHABLE_CODE = YES;
				CLANG_WARN__DUPLICATE_METHOD_MATCH = YES;
				"CODE_SIGN_IDENTITY[sdk=iphoneos*]" = "iPhone Developer";
				COPY_PHASE_STRIP = NO;
				DEBUG_INFORMATION_FORMAT = "dwarf-with-dsym";
				ENABLE_STRICT_OBJC_MSGSEND = YES;
				GCC_C_LANGUAGE_STANDARD = gnu99;
				GCC_DYNAMIC_NO_PIC = NO;
				GCC_NO_COMMON_BLOCKS = YES;
				GCC_OPTIMIZATION_LEVEL = 0;
				GCC_PREPROCESSOR_DEFINITIONS = (
					"DEBUG=1",
					"$(inherited)",
				);
				GCC_SYMBOLS_PRIVATE_EXTERN = NO;
				GCC_WARN_64_TO_32_BIT_CONVERSION = YES;
				GCC_WARN_ABOUT_RETURN_TYPE = YES_ERROR;
				GCC_WARN_UNDECLARED_SELECTOR = YES;
				GCC_WARN_UNINITIALIZED_AUTOS = YES_AGGRESSIVE;
				GCC_WARN_UNUSED_FUNCTION = YES;
				GCC_WARN_UNUSED_VARIABLE = YES;
				IPHONEOS_DEPLOYMENT_TARGET = 8.3;
				MTL_ENABLE_DEBUG_INFO = YES;
				ONLY_ACTIVE_ARCH = YES;
				SDKROOT = iphoneos;
			};
			name = Debug;
		};
		A2F7E9831AEED18E00FFC0C8 /* Release */ = {
			isa = XCBuildConfiguration;
			buildSettings = {
				ALWAYS_SEARCH_USER_PATHS = NO;
				CLANG_CXX_LANGUAGE_STANDARD = "gnu++0x";
				CLANG_CXX_LIBRARY = "libc++";
				CLANG_ENABLE_MODULES = YES;
				CLANG_ENABLE_OBJC_ARC = YES;
				CLANG_WARN_BOOL_CONVERSION = YES;
				CLANG_WARN_CONSTANT_CONVERSION = YES;
				CLANG_WARN_DIRECT_OBJC_ISA_USAGE = YES_ERROR;
				CLANG_WARN_EMPTY_BODY = YES;
				CLANG_WARN_ENUM_CONVERSION = YES;
				CLANG_WARN_INT_CONVERSION = YES;
				CLANG_WARN_OBJC_ROOT_CLASS = YES_ERROR;
				CLANG_WARN_UNREACHABLE_CODE = YES;
				CLANG_WARN__DUPLICATE_METHOD_MATCH = YES;
				"CODE_SIGN_IDENTITY[sdk=iphoneos*]" = "iPhone Developer";
				COPY_PHASE_STRIP = NO;
				DEBUG_INFORMATION_FORMAT = "dwarf-with-dsym";
				ENABLE_NS_ASSERTIONS = NO;
				ENABLE_STRICT_OBJC_MSGSEND = YES;
				GCC_C_LANGUAGE_STANDARD = gnu99;
				GCC_NO_COMMON_BLOCKS = YES;
				GCC_WARN_64_TO_32_BIT_CONVERSION = YES;
				GCC_WARN_ABOUT_RETURN_TYPE = YES_ERROR;
				GCC_WARN_UNDECLARED_SELECTOR = YES;
				GCC_WARN_UNINITIALIZED_AUTOS = YES_AGGRESSIVE;
				GCC_WARN_UNUSED_FUNCTION = YES;
				GCC_WARN_UNUSED_VARIABLE = YES;
				IPHONEOS_DEPLOYMENT_TARGET = 8.3;
				MTL_ENABLE_DEBUG_INFO = NO;
				SDKROOT = iphoneos;
				VALIDATE_PRODUCT = YES;
			};
			name = Release;
		};
		A2F7E9851AEED18E00FFC0C8 /* Debug */ = {
			isa = XCBuildConfiguration;
			buildSettings = {
				ASSETCATALOG_COMPILER_APPICON_NAME = AppIcon;
				INFOPLIST_FILE = ObjcDemo/Info.plist;
				LD_RUNPATH_SEARCH_PATHS = "$(inherited) @executable_path/Frameworks";
				PRODUCT_NAME = "$(TARGET_NAME)";
			};
			name = Debug;
		};
		A2F7E9861AEED18E00FFC0C8 /* Release */ = {
			isa = XCBuildConfiguration;
			buildSettings = {
				ASSETCATALOG_COMPILER_APPICON_NAME = AppIcon;
				INFOPLIST_FILE = ObjcDemo/Info.plist;
				LD_RUNPATH_SEARCH_PATHS = "$(inherited) @executable_path/Frameworks";
				PRODUCT_NAME = "$(TARGET_NAME)";
			};
			name = Release;
		};
		A2F7E9881AEED18E00FFC0C8 /* Debug */ = {
			isa = XCBuildConfiguration;
			buildSettings = {
				BUNDLE_LOADER = "$(TEST_HOST)";
				FRAMEWORK_SEARCH_PATHS = (
					"$(SDKROOT)/Developer/Library/Frameworks",
					"$(inherited)",
				);
				GCC_PREPROCESSOR_DEFINITIONS = (
					"DEBUG=1",
					"$(inherited)",
				);
				INFOPLIST_FILE = ObjcDemoTests/Info.plist;
				LD_RUNPATH_SEARCH_PATHS = "$(inherited) @executable_path/Frameworks @loader_path/Frameworks";
				PRODUCT_NAME = "$(TARGET_NAME)";
				TEST_HOST = "$(BUILT_PRODUCTS_DIR)/ObjcDemo.app/ObjcDemo";
			};
			name = Debug;
		};
		A2F7E9891AEED18E00FFC0C8 /* Release */ = {
			isa = XCBuildConfiguration;
			buildSettings = {
				BUNDLE_LOADER = "$(TEST_HOST)";
				FRAMEWORK_SEARCH_PATHS = (
					"$(SDKROOT)/Developer/Library/Frameworks",
					"$(inherited)",
				);
				INFOPLIST_FILE = ObjcDemoTests/Info.plist;
				LD_RUNPATH_SEARCH_PATHS = "$(inherited) @executable_path/Frameworks @loader_path/Frameworks";
				PRODUCT_NAME = "$(TARGET_NAME)";
				TEST_HOST = "$(BUILT_PRODUCTS_DIR)/ObjcDemo.app/ObjcDemo";
			};
			name = Release;
		};
/* End XCBuildConfiguration section */

/* Begin XCConfigurationList section */
		A2F7E95C1AEED18E00FFC0C8 /* Build configuration list for PBXProject "ObjcDemo" */ = {
			isa = XCConfigurationList;
			buildConfigurations = (
				A2F7E9821AEED18E00FFC0C8 /* Debug */,
				A2F7E9831AEED18E00FFC0C8 /* Release */,
			);
			defaultConfigurationIsVisible = 0;
			defaultConfigurationName = Release;
		};
		A2F7E9841AEED18E00FFC0C8 /* Build configuration list for PBXNativeTarget "ObjcDemo" */ = {
			isa = XCConfigurationList;
			buildConfigurations = (
				A2F7E9851AEED18E00FFC0C8 /* Debug */,
				A2F7E9861AEED18E00FFC0C8 /* Release */,
			);
			defaultConfigurationIsVisible = 0;
		};
		A2F7E9871AEED18E00FFC0C8 /* Build configuration list for PBXNativeTarget "ObjcDemoTests" */ = {
			isa = XCConfigurationList;
			buildConfigurations = (
				A2F7E9881AEED18E00FFC0C8 /* Debug */,
				A2F7E9891AEED18E00FFC0C8 /* Release */,
			);
			defaultConfigurationIsVisible = 0;
		};
/* End XCConfigurationList section */
	};
	rootObject = A2F7E9591AEED18E00FFC0C8 /* Project object */;
}
