// !$*UTF8*$!
{
	archiveVersion = 1;
	classes = {
	};
	objectVersion = 46;
	objects = {

/* Begin PBXBuildFile section */
		A22E553A1ACDE08500846CFF /* TweetInfoViewController.swift in Sources */ = {isa = PBXBuildFile; fileRef = A22E55391ACDE08500846CFF /* TweetInfoViewController.swift */; };
		A22E553C1ACDE84D00846CFF /* ImageService.swift in Sources */ = {isa = PBXBuildFile; fileRef = A22E553B1ACDE84D00846CFF /* ImageService.swift */; };
		A2808D141ACDF221007E1162 /* TweetTableViewCell.xib in Resources */ = {isa = PBXBuildFile; fileRef = A2808D131ACDF221007E1162 /* TweetTableViewCell.xib */; };
		A2B9D1191ACB428A00FC774F /* LoginService.swift in Sources */ = {isa = PBXBuildFile; fileRef = A2B9D1181ACB428A00FC774F /* LoginService.swift */; };
		A2B9D11B1ACB484900FC774F /* TwitterService.swift in Sources */ = {isa = PBXBuildFile; fileRef = A2B9D11A1ACB484900FC774F /* TwitterService.swift */; };
		A2B9D11D1ACB572B00FC774F /* TweetTableViewCell.swift in Sources */ = {isa = PBXBuildFile; fileRef = A2B9D11C1ACB572B00FC774F /* TweetTableViewCell.swift */; };
		A2CA84F01AC9E47E006C1FB2 /* AppDelegate.swift in Sources */ = {isa = PBXBuildFile; fileRef = A2CA84EF1AC9E47E006C1FB2 /* AppDelegate.swift */; };
		A2CA84F51AC9E47E006C1FB2 /* Main.storyboard in Resources */ = {isa = PBXBuildFile; fileRef = A2CA84F31AC9E47E006C1FB2 /* Main.storyboard */; };
		A2CA84F71AC9E47E006C1FB2 /* Images.xcassets in Resources */ = {isa = PBXBuildFile; fileRef = A2CA84F61AC9E47E006C1FB2 /* Images.xcassets */; };
		A2CA84FA1AC9E47E006C1FB2 /* LaunchScreen.xib in Resources */ = {isa = PBXBuildFile; fileRef = A2CA84F81AC9E47E006C1FB2 /* LaunchScreen.xib */; };
		A2CA85061AC9E47E006C1FB2 /* TweetFellowsTests.swift in Sources */ = {isa = PBXBuildFile; fileRef = A2CA85051AC9E47E006C1FB2 /* TweetFellowsTests.swift */; };
		A2CA85131AC9E76B006C1FB2 /* HomeTimelineViewController.swift in Sources */ = {isa = PBXBuildFile; fileRef = A2CA85121AC9E76B006C1FB2 /* HomeTimelineViewController.swift */; };
		A2CA85151AC9E914006C1FB2 /* Tweet.swift in Sources */ = {isa = PBXBuildFile; fileRef = A2CA85141AC9E914006C1FB2 /* Tweet.swift */; };
		A2CA85171AC9E927006C1FB2 /* TweetJSONParser.swift in Sources */ = {isa = PBXBuildFile; fileRef = A2CA85161AC9E927006C1FB2 /* TweetJSONParser.swift */; };
		A2CA85191AC9F18D006C1FB2 /* tweet.json in Resources */ = {isa = PBXBuildFile; fileRef = A2CA85181AC9F18D006C1FB2 /* tweet.json */; };
/* End PBXBuildFile section */

/* Begin PBXContainerItemProxy section */
		A2CA85001AC9E47E006C1FB2 /* PBXContainerItemProxy */ = {
			isa = PBXContainerItemProxy;
			containerPortal = A2CA84E21AC9E47E006C1FB2 /* Project object */;
			proxyType = 1;
			remoteGlobalIDString = A2CA84E91AC9E47E006C1FB2;
			remoteInfo = TweetFellows;
		};
/* End PBXContainerItemProxy section */

/* Begin PBXFileReference section */
		A22E55391ACDE08500846CFF /* TweetInfoViewController.swift */ = {isa = PBXFileReference; fileEncoding = 4; lastKnownFileType = sourcecode.swift; path = TweetInfoViewController.swift; sourceTree = "<group>"; };
		A22E553B1ACDE84D00846CFF /* ImageService.swift */ = {isa = PBXFileReference; fileEncoding = 4; lastKnownFileType = sourcecode.swift; path = ImageService.swift; sourceTree = "<group>"; };
		A2808D131ACDF221007E1162 /* TweetTableViewCell.xib */ = {isa = PBXFileReference; fileEncoding = 4; lastKnownFileType = file.xib; path = TweetTableViewCell.xib; sourceTree = "<group>"; };
		A2B9D1181ACB428A00FC774F /* LoginService.swift */ = {isa = PBXFileReference; fileEncoding = 4; lastKnownFileType = sourcecode.swift; path = LoginService.swift; sourceTree = "<group>"; };
		A2B9D11A1ACB484900FC774F /* TwitterService.swift */ = {isa = PBXFileReference; fileEncoding = 4; lastKnownFileType = sourcecode.swift; path = TwitterService.swift; sourceTree = "<group>"; };
		A2B9D11C1ACB572B00FC774F /* TweetTableViewCell.swift */ = {isa = PBXFileReference; fileEncoding = 4; lastKnownFileType = sourcecode.swift; path = TweetTableViewCell.swift; sourceTree = "<group>"; };
		A2CA84EA1AC9E47E006C1FB2 /* TweetFellows.app */ = {isa = PBXFileReference; explicitFileType = wrapper.application; includeInIndex = 0; path = TweetFellows.app; sourceTree = BUILT_PRODUCTS_DIR; };
		A2CA84EE1AC9E47E006C1FB2 /* Info.plist */ = {isa = PBXFileReference; lastKnownFileType = text.plist.xml; path = Info.plist; sourceTree = "<group>"; };
		A2CA84EF1AC9E47E006C1FB2 /* AppDelegate.swift */ = {isa = PBXFileReference; lastKnownFileType = sourcecode.swift; path = AppDelegate.swift; sourceTree = "<group>"; };
		A2CA84F41AC9E47E006C1FB2 /* Base */ = {isa = PBXFileReference; lastKnownFileType = file.storyboard; name = Base; path = Base.lproj/Main.storyboard; sourceTree = "<group>"; };
		A2CA84F61AC9E47E006C1FB2 /* Images.xcassets */ = {isa = PBXFileReference; lastKnownFileType = folder.assetcatalog; path = Images.xcassets; sourceTree = "<group>"; };
		A2CA84F91AC9E47E006C1FB2 /* Base */ = {isa = PBXFileReference; lastKnownFileType = file.xib; name = Base; path = Base.lproj/LaunchScreen.xib; sourceTree = "<group>"; };
		A2CA84FF1AC9E47E006C1FB2 /* TweetFellowsTests.xctest */ = {isa = PBXFileReference; explicitFileType = wrapper.cfbundle; includeInIndex = 0; path = TweetFellowsTests.xctest; sourceTree = BUILT_PRODUCTS_DIR; };
		A2CA85041AC9E47E006C1FB2 /* Info.plist */ = {isa = PBXFileReference; lastKnownFileType = text.plist.xml; path = Info.plist; sourceTree = "<group>"; };
		A2CA85051AC9E47E006C1FB2 /* TweetFellowsTests.swift */ = {isa = PBXFileReference; lastKnownFileType = sourcecode.swift; path = TweetFellowsTests.swift; sourceTree = "<group>"; };
		A2CA85121AC9E76B006C1FB2 /* HomeTimelineViewController.swift */ = {isa = PBXFileReference; fileEncoding = 4; lastKnownFileType = sourcecode.swift; name = HomeTimelineViewController.swift; path = ../HomeTimelineViewController.swift; sourceTree = "<group>"; };
		A2CA85141AC9E914006C1FB2 /* Tweet.swift */ = {isa = PBXFileReference; fileEncoding = 4; lastKnownFileType = sourcecode.swift; name = Tweet.swift; path = ../Tweet.swift; sourceTree = "<group>"; };
		A2CA85161AC9E927006C1FB2 /* TweetJSONParser.swift */ = {isa = PBXFileReference; fileEncoding = 4; lastKnownFileType = sourcecode.swift; name = TweetJSONParser.swift; path = ../TweetJSONParser.swift; sourceTree = "<group>"; };
		A2CA85181AC9F18D006C1FB2 /* tweet.json */ = {isa = PBXFileReference; fileEncoding = 4; lastKnownFileType = text.json; path = tweet.json; sourceTree = "<group>"; };
/* End PBXFileReference section */

/* Begin PBXFrameworksBuildPhase section */
		A2CA84E71AC9E47E006C1FB2 /* Frameworks */ = {
			isa = PBXFrameworksBuildPhase;
			buildActionMask = 2147483647;
			files = (
			);
			runOnlyForDeploymentPostprocessing = 0;
		};
		A2CA84FC1AC9E47E006C1FB2 /* Frameworks */ = {
			isa = PBXFrameworksBuildPhase;
			buildActionMask = 2147483647;
			files = (
			);
			runOnlyForDeploymentPostprocessing = 0;
		};
/* End PBXFrameworksBuildPhase section */

/* Begin PBXGroup section */
		A2CA84E11AC9E47E006C1FB2 = {
			isa = PBXGroup;
			children = (
				A2CA84EC1AC9E47E006C1FB2 /* TweetFellows */,
				A2CA85021AC9E47E006C1FB2 /* TweetFellowsTests */,
				A2CA84EB1AC9E47E006C1FB2 /* Products */,
			);
			sourceTree = "<group>";
		};
		A2CA84EB1AC9E47E006C1FB2 /* Products */ = {
			isa = PBXGroup;
			children = (
				A2CA84EA1AC9E47E006C1FB2 /* TweetFellows.app */,
				A2CA84FF1AC9E47E006C1FB2 /* TweetFellowsTests.xctest */,
			);
			name = Products;
			sourceTree = "<group>";
		};
		A2CA84EC1AC9E47E006C1FB2 /* TweetFellows */ = {
			isa = PBXGroup;
			children = (
				A2CA84EF1AC9E47E006C1FB2 /* AppDelegate.swift */,
				A2CA85111AC9E70B006C1FB2 /* Models */,
				A2CA85101AC9E703006C1FB2 /* Controllers */,
				A2CA850F1AC9E6DF006C1FB2 /* Views */,
				A2CA84ED1AC9E47E006C1FB2 /* Supporting Files */,
			);
			path = TweetFellows;
			sourceTree = "<group>";
		};
		A2CA84ED1AC9E47E006C1FB2 /* Supporting Files */ = {
			isa = PBXGroup;
			children = (
				A2CA84EE1AC9E47E006C1FB2 /* Info.plist */,
			);
			name = "Supporting Files";
			sourceTree = "<group>";
		};
		A2CA85021AC9E47E006C1FB2 /* TweetFellowsTests */ = {
			isa = PBXGroup;
			children = (
				A2CA85051AC9E47E006C1FB2 /* TweetFellowsTests.swift */,
				A2CA85031AC9E47E006C1FB2 /* Supporting Files */,
			);
			path = TweetFellowsTests;
			sourceTree = "<group>";
		};
		A2CA85031AC9E47E006C1FB2 /* Supporting Files */ = {
			isa = PBXGroup;
			children = (
				A2CA85041AC9E47E006C1FB2 /* Info.plist */,
			);
			name = "Supporting Files";
			sourceTree = "<group>";
		};
		A2CA850F1AC9E6DF006C1FB2 /* Views */ = {
			isa = PBXGroup;
			children = (
				A2CA84F81AC9E47E006C1FB2 /* LaunchScreen.xib */,
				A2CA84F61AC9E47E006C1FB2 /* Images.xcassets */,
				A2CA84F31AC9E47E006C1FB2 /* Main.storyboard */,
				A2808D131ACDF221007E1162 /* TweetTableViewCell.xib */,
				A2B9D11C1ACB572B00FC774F /* TweetTableViewCell.swift */,
			);
			name = Views;
			sourceTree = "<group>";
		};
		A2CA85101AC9E703006C1FB2 /* Controllers */ = {
			isa = PBXGroup;
			children = (
				A2CA85121AC9E76B006C1FB2 /* HomeTimelineViewController.swift */,
				A22E55391ACDE08500846CFF /* TweetInfoViewController.swift */,
			);
			name = Controllers;
			sourceTree = "<group>";
		};
		A2CA85111AC9E70B006C1FB2 /* Models */ = {
			isa = PBXGroup;
			children = (
				A2CA85181AC9F18D006C1FB2 /* tweet.json */,
				A2CA85141AC9E914006C1FB2 /* Tweet.swift */,
				A2CA85161AC9E927006C1FB2 /* TweetJSONParser.swift */,
				A2B9D1181ACB428A00FC774F /* LoginService.swift */,
				A2B9D11A1ACB484900FC774F /* TwitterService.swift */,
				A22E553B1ACDE84D00846CFF /* ImageService.swift */,
			);
			name = Models;
			sourceTree = "<group>";
		};
/* End PBXGroup section */

/* Begin PBXNativeTarget section */
		A2CA84E91AC9E47E006C1FB2 /* TweetFellows */ = {
			isa = PBXNativeTarget;
			buildConfigurationList = A2CA85091AC9E47E006C1FB2 /* Build configuration list for PBXNativeTarget "TweetFellows" */;
			buildPhases = (
				A2CA84E61AC9E47E006C1FB2 /* Sources */,
				A2CA84E71AC9E47E006C1FB2 /* Frameworks */,
				A2CA84E81AC9E47E006C1FB2 /* Resources */,
			);
			buildRules = (
			);
			dependencies = (
			);
			name = TweetFellows;
			productName = TweetFellows;
			productReference = A2CA84EA1AC9E47E006C1FB2 /* TweetFellows.app */;
			productType = "com.apple.product-type.application";
		};
		A2CA84FE1AC9E47E006C1FB2 /* TweetFellowsTests */ = {
			isa = PBXNativeTarget;
			buildConfigurationList = A2CA850C1AC9E47E006C1FB2 /* Build configuration list for PBXNativeTarget "TweetFellowsTests" */;
			buildPhases = (
				A2CA84FB1AC9E47E006C1FB2 /* Sources */,
				A2CA84FC1AC9E47E006C1FB2 /* Frameworks */,
				A2CA84FD1AC9E47E006C1FB2 /* Resources */,
			);
			buildRules = (
			);
			dependencies = (
				A2CA85011AC9E47E006C1FB2 /* PBXTargetDependency */,
			);
			name = TweetFellowsTests;
			productName = TweetFellowsTests;
			productReference = A2CA84FF1AC9E47E006C1FB2 /* TweetFellowsTests.xctest */;
			productType = "com.apple.product-type.bundle.unit-test";
		};
/* End PBXNativeTarget section */

/* Begin PBXProject section */
		A2CA84E21AC9E47E006C1FB2 /* Project object */ = {
			isa = PBXProject;
			attributes = {
				LastUpgradeCheck = 0620;
				ORGANIZATIONNAME = BPJ;
				TargetAttributes = {
					A2CA84E91AC9E47E006C1FB2 = {
						CreatedOnToolsVersion = 6.2;
					};
					A2CA84FE1AC9E47E006C1FB2 = {
						CreatedOnToolsVersion = 6.2;
						TestTargetID = A2CA84E91AC9E47E006C1FB2;
					};
				};
			};
			buildConfigurationList = A2CA84E51AC9E47E006C1FB2 /* Build configuration list for PBXProject "TweetFellows" */;
			compatibilityVersion = "Xcode 3.2";
			developmentRegion = English;
			hasScannedForEncodings = 0;
			knownRegions = (
				en,
				Base,
			);
			mainGroup = A2CA84E11AC9E47E006C1FB2;
			productRefGroup = A2CA84EB1AC9E47E006C1FB2 /* Products */;
			projectDirPath = "";
			projectRoot = "";
			targets = (
				A2CA84E91AC9E47E006C1FB2 /* TweetFellows */,
				A2CA84FE1AC9E47E006C1FB2 /* TweetFellowsTests */,
			);
		};
/* End PBXProject section */

/* Begin PBXResourcesBuildPhase section */
		A2CA84E81AC9E47E006C1FB2 /* Resources */ = {
			isa = PBXResourcesBuildPhase;
			buildActionMask = 2147483647;
			files = (
				A2808D141ACDF221007E1162 /* TweetTableViewCell.xib in Resources */,
				A2CA84F51AC9E47E006C1FB2 /* Main.storyboard in Resources */,
				A2CA84FA1AC9E47E006C1FB2 /* LaunchScreen.xib in Resources */,
				A2CA84F71AC9E47E006C1FB2 /* Images.xcassets in Resources */,
				A2CA85191AC9F18D006C1FB2 /* tweet.json in Resources */,
			);
			runOnlyForDeploymentPostprocessing = 0;
		};
		A2CA84FD1AC9E47E006C1FB2 /* Resources */ = {
			isa = PBXResourcesBuildPhase;
			buildActionMask = 2147483647;
			files = (
			);
			runOnlyForDeploymentPostprocessing = 0;
		};
/* End PBXResourcesBuildPhase section */

/* Begin PBXSourcesBuildPhase section */
		A2CA84E61AC9E47E006C1FB2 /* Sources */ = {
			isa = PBXSourcesBuildPhase;
			buildActionMask = 2147483647;
			files = (
				A2CA85171AC9E927006C1FB2 /* TweetJSONParser.swift in Sources */,
				A2CA85151AC9E914006C1FB2 /* Tweet.swift in Sources */,
				A22E553C1ACDE84D00846CFF /* ImageService.swift in Sources */,
				A2B9D1191ACB428A00FC774F /* LoginService.swift in Sources */,
				A2CA85131AC9E76B006C1FB2 /* HomeTimelineViewController.swift in Sources */,
				A22E553A1ACDE08500846CFF /* TweetInfoViewController.swift in Sources */,
				A2CA84F01AC9E47E006C1FB2 /* AppDelegate.swift in Sources */,
				A2B9D11B1ACB484900FC774F /* TwitterService.swift in Sources */,
				A2B9D11D1ACB572B00FC774F /* TweetTableViewCell.swift in Sources */,
			);
			runOnlyForDeploymentPostprocessing = 0;
		};
		A2CA84FB1AC9E47E006C1FB2 /* Sources */ = {
			isa = PBXSourcesBuildPhase;
			buildActionMask = 2147483647;
			files = (
				A2CA85061AC9E47E006C1FB2 /* TweetFellowsTests.swift in Sources */,
			);
			runOnlyForDeploymentPostprocessing = 0;
		};
/* End PBXSourcesBuildPhase section */

/* Begin PBXTargetDependency section */
		A2CA85011AC9E47E006C1FB2 /* PBXTargetDependency */ = {
			isa = PBXTargetDependency;
			target = A2CA84E91AC9E47E006C1FB2 /* TweetFellows */;
			targetProxy = A2CA85001AC9E47E006C1FB2 /* PBXContainerItemProxy */;
		};
/* End PBXTargetDependency section */

/* Begin PBXVariantGroup section */
		A2CA84F31AC9E47E006C1FB2 /* Main.storyboard */ = {
			isa = PBXVariantGroup;
			children = (
				A2CA84F41AC9E47E006C1FB2 /* Base */,
			);
			name = Main.storyboard;
			sourceTree = "<group>";
		};
		A2CA84F81AC9E47E006C1FB2 /* LaunchScreen.xib */ = {
			isa = PBXVariantGroup;
			children = (
				A2CA84F91AC9E47E006C1FB2 /* Base */,
			);
			name = LaunchScreen.xib;
			sourceTree = "<group>";
		};
/* End PBXVariantGroup section */

/* Begin XCBuildConfiguration section */
		A2CA85071AC9E47E006C1FB2 /* Debug */ = {
			isa = XCBuildConfiguration;
			buildSettings = {
				ALWAYS_SEARCH_USER_PATHS = NO;
				CLANG_CXX_LANGUAGE_STANDARD = "gnu++0x";
				CLANG_CXX_LIBRARY = "libc++";
				CLANG_ENABLE_MODULES = YES;
				CLANG_ENABLE_OBJC_ARC = YES;
				CLANG_WARN_BOOL_CONVERSION = YES;
				CLANG_WARN_CONSTANT_CONVERSION = YES;
				CLANG_WARN_DIRECT_OBJC_ISA_USAGE = YES_ERROR;
				CLANG_WARN_EMPTY_BODY = YES;
				CLANG_WARN_ENUM_CONVERSION = YES;
				CLANG_WARN_INT_CONVERSION = YES;
				CLANG_WARN_OBJC_ROOT_CLASS = YES_ERROR;
				CLANG_WARN_UNREACHABLE_CODE = YES;
				CLANG_WARN__DUPLICATE_METHOD_MATCH = YES;
				"CODE_SIGN_IDENTITY[sdk=iphoneos*]" = "iPhone Developer";
				COPY_PHASE_STRIP = NO;
				ENABLE_STRICT_OBJC_MSGSEND = YES;
				GCC_C_LANGUAGE_STANDARD = gnu99;
				GCC_DYNAMIC_NO_PIC = NO;
				GCC_OPTIMIZATION_LEVEL = 0;
				GCC_PREPROCESSOR_DEFINITIONS = (
					"DEBUG=1",
					"$(inherited)",
				);
				GCC_SYMBOLS_PRIVATE_EXTERN = NO;
				GCC_WARN_64_TO_32_BIT_CONVERSION = YES;
				GCC_WARN_ABOUT_RETURN_TYPE = YES_ERROR;
				GCC_WARN_UNDECLARED_SELECTOR = YES;
				GCC_WARN_UNINITIALIZED_AUTOS = YES_AGGRESSIVE;
				GCC_WARN_UNUSED_FUNCTION = YES;
				GCC_WARN_UNUSED_VARIABLE = YES;
				IPHONEOS_DEPLOYMENT_TARGET = 8.2;
				MTL_ENABLE_DEBUG_INFO = YES;
				ONLY_ACTIVE_ARCH = YES;
				SDKROOT = iphoneos;
				SWIFT_OPTIMIZATION_LEVEL = "-Onone";
				TARGETED_DEVICE_FAMILY = "1,2";
			};
			name = Debug;
		};
		A2CA85081AC9E47E006C1FB2 /* Release */ = {
			isa = XCBuildConfiguration;
			buildSettings = {
				ALWAYS_SEARCH_USER_PATHS = NO;
				CLANG_CXX_LANGUAGE_STANDARD = "gnu++0x";
				CLANG_CXX_LIBRARY = "libc++";
				CLANG_ENABLE_MODULES = YES;
				CLANG_ENABLE_OBJC_ARC = YES;
				CLANG_WARN_BOOL_CONVERSION = YES;
				CLANG_WARN_CONSTANT_CONVERSION = YES;
				CLANG_WARN_DIRECT_OBJC_ISA_USAGE = YES_ERROR;
				CLANG_WARN_EMPTY_BODY = YES;
				CLANG_WARN_ENUM_CONVERSION = YES;
				CLANG_WARN_INT_CONVERSION = YES;
				CLANG_WARN_OBJC_ROOT_CLASS = YES_ERROR;
				CLANG_WARN_UNREACHABLE_CODE = YES;
				CLANG_WARN__DUPLICATE_METHOD_MATCH = YES;
				"CODE_SIGN_IDENTITY[sdk=iphoneos*]" = "iPhone Developer";
				COPY_PHASE_STRIP = NO;
				ENABLE_NS_ASSERTIONS = NO;
				ENABLE_STRICT_OBJC_MSGSEND = YES;
				GCC_C_LANGUAGE_STANDARD = gnu99;
				GCC_WARN_64_TO_32_BIT_CONVERSION = YES;
				GCC_WARN_ABOUT_RETURN_TYPE = YES_ERROR;
				GCC_WARN_UNDECLARED_SELECTOR = YES;
				GCC_WARN_UNINITIALIZED_AUTOS = YES_AGGRESSIVE;
				GCC_WARN_UNUSED_FUNCTION = YES;
				GCC_WARN_UNUSED_VARIABLE = YES;
				IPHONEOS_DEPLOYMENT_TARGET = 8.2;
				MTL_ENABLE_DEBUG_INFO = NO;
				SDKROOT = iphoneos;
				TARGETED_DEVICE_FAMILY = "1,2";
				VALIDATE_PRODUCT = YES;
			};
			name = Release;
		};
		A2CA850A1AC9E47E006C1FB2 /* Debug */ = {
			isa = XCBuildConfiguration;
			buildSettings = {
				ASSETCATALOG_COMPILER_APPICON_NAME = AppIcon;
				INFOPLIST_FILE = TweetFellows/Info.plist;
				LD_RUNPATH_SEARCH_PATHS = "$(inherited) @executable_path/Frameworks";
				PRODUCT_NAME = "$(TARGET_NAME)";
			};
			name = Debug;
		};
		A2CA850B1AC9E47E006C1FB2 /* Release */ = {
			isa = XCBuildConfiguration;
			buildSettings = {
				ASSETCATALOG_COMPILER_APPICON_NAME = AppIcon;
				INFOPLIST_FILE = TweetFellows/Info.plist;
				LD_RUNPATH_SEARCH_PATHS = "$(inherited) @executable_path/Frameworks";
				PRODUCT_NAME = "$(TARGET_NAME)";
			};
			name = Release;
		};
		A2CA850D1AC9E47E006C1FB2 /* Debug */ = {
			isa = XCBuildConfiguration;
			buildSettings = {
				BUNDLE_LOADER = "$(TEST_HOST)";
				FRAMEWORK_SEARCH_PATHS = (
					"$(SDKROOT)/Developer/Library/Frameworks",
					"$(inherited)",
				);
				GCC_PREPROCESSOR_DEFINITIONS = (
					"DEBUG=1",
					"$(inherited)",
				);
				INFOPLIST_FILE = TweetFellowsTests/Info.plist;
				LD_RUNPATH_SEARCH_PATHS = "$(inherited) @executable_path/Frameworks @loader_path/Frameworks";
				PRODUCT_NAME = "$(TARGET_NAME)";
				TEST_HOST = "$(BUILT_PRODUCTS_DIR)/TweetFellows.app/TweetFellows";
			};
			name = Debug;
		};
		A2CA850E1AC9E47E006C1FB2 /* Release */ = {
			isa = XCBuildConfiguration;
			buildSettings = {
				BUNDLE_LOADER = "$(TEST_HOST)";
				FRAMEWORK_SEARCH_PATHS = (
					"$(SDKROOT)/Developer/Library/Frameworks",
					"$(inherited)",
				);
				INFOPLIST_FILE = TweetFellowsTests/Info.plist;
				LD_RUNPATH_SEARCH_PATHS = "$(inherited) @executable_path/Frameworks @loader_path/Frameworks";
				PRODUCT_NAME = "$(TARGET_NAME)";
				TEST_HOST = "$(BUILT_PRODUCTS_DIR)/TweetFellows.app/TweetFellows";
			};
			name = Release;
		};
/* End XCBuildConfiguration section */

/* Begin XCConfigurationList section */
		A2CA84E51AC9E47E006C1FB2 /* Build configuration list for PBXProject "TweetFellows" */ = {
			isa = XCConfigurationList;
			buildConfigurations = (
				A2CA85071AC9E47E006C1FB2 /* Debug */,
				A2CA85081AC9E47E006C1FB2 /* Release */,
			);
			defaultConfigurationIsVisible = 0;
			defaultConfigurationName = Release;
		};
		A2CA85091AC9E47E006C1FB2 /* Build configuration list for PBXNativeTarget "TweetFellows" */ = {
			isa = XCConfigurationList;
			buildConfigurations = (
				A2CA850A1AC9E47E006C1FB2 /* Debug */,
				A2CA850B1AC9E47E006C1FB2 /* Release */,
			);
			defaultConfigurationIsVisible = 0;
			defaultConfigurationName = Release;
		};
		A2CA850C1AC9E47E006C1FB2 /* Build configuration list for PBXNativeTarget "TweetFellowsTests" */ = {
			isa = XCConfigurationList;
			buildConfigurations = (
				A2CA850D1AC9E47E006C1FB2 /* Debug */,
				A2CA850E1AC9E47E006C1FB2 /* Release */,
			);
			defaultConfigurationIsVisible = 0;
			defaultConfigurationName = Release;
		};
/* End XCConfigurationList section */
	};
	rootObject = A2CA84E21AC9E47E006C1FB2 /* Project object */;
}
